{
  "version": 4,
  "terraform_version": "1.13.4",
  "serial": 70,
  "lineage": "16e94abf-b7bb-c99b-e228-fbb36885e8a4",
  "outputs": {},
  "resources": [
    {
      "module": "module.ecr",
      "mode": "managed",
      "type": "aws_ecr_repository",
      "name": "repos",
      "provider": "provider[\"registry.terraform.io/hashicorp/aws\"]",
      "instances": [
        {
          "index_key": "api-gateway",
          "schema_version": 0,
          "attributes": {
            "arn": "arn:aws:ecr:us-east-1:654654242544:repository/stockwiz-dev/api-gateway",
            "encryption_configuration": [
              {
                "encryption_type": "AES256",
                "kms_key": ""
              }
            ],
            "force_delete": null,
            "id": "stockwiz-dev/api-gateway",
            "image_scanning_configuration": [
              {
                "scan_on_push": true
              }
            ],
            "image_tag_mutability": "MUTABLE",
            "image_tag_mutability_exclusion_filter": [],
            "name": "stockwiz-dev/api-gateway",
            "region": "us-east-1",
            "registry_id": "654654242544",
            "repository_url": "654654242544.dkr.ecr.us-east-1.amazonaws.com/stockwiz-dev/api-gateway",
            "tags": {
              "Project": "stockwiz-dev",
              "Service": "api-gateway"
            },
            "tags_all": {
              "Project": "stockwiz-dev",
              "Service": "api-gateway"
            },
            "timeouts": null
          },
          "sensitive_attributes": [],
          "identity_schema_version": 0,
          "identity": {
            "account_id": "654654242544",
            "name": "stockwiz-dev/api-gateway",
            "region": "us-east-1"
          },
          "private": "eyJlMmJmYjczMC1lY2FhLTExZTYtOGY4OC0zNDM2M2JjN2M0YzAiOnsiZGVsZXRlIjoxMjAwMDAwMDAwMDAwfX0="
        },
        {
          "index_key": "inventory-service",
          "schema_version": 0,
          "attributes": {
            "arn": "arn:aws:ecr:us-east-1:654654242544:repository/stockwiz-dev/inventory-service",
            "encryption_configuration": [
              {
                "encryption_type": "AES256",
                "kms_key": ""
              }
            ],
            "force_delete": null,
            "id": "stockwiz-dev/inventory-service",
            "image_scanning_configuration": [
              {
                "scan_on_push": true
              }
            ],
            "image_tag_mutability": "MUTABLE",
            "image_tag_mutability_exclusion_filter": [],
            "name": "stockwiz-dev/inventory-service",
            "region": "us-east-1",
            "registry_id": "654654242544",
            "repository_url": "654654242544.dkr.ecr.us-east-1.amazonaws.com/stockwiz-dev/inventory-service",
            "tags": {
              "Project": "stockwiz-dev",
              "Service": "inventory-service"
            },
            "tags_all": {
              "Project": "stockwiz-dev",
              "Service": "inventory-service"
            },
            "timeouts": null
          },
          "sensitive_attributes": [],
          "identity_schema_version": 0,
          "identity": {
            "account_id": "654654242544",
            "name": "stockwiz-dev/inventory-service",
            "region": "us-east-1"
          },
          "private": "eyJlMmJmYjczMC1lY2FhLTExZTYtOGY4OC0zNDM2M2JjN2M0YzAiOnsiZGVsZXRlIjoxMjAwMDAwMDAwMDAwfX0="
        },
        {
          "index_key": "product-service",
          "schema_version": 0,
          "attributes": {
            "arn": "arn:aws:ecr:us-east-1:654654242544:repository/stockwiz-dev/product-service",
            "encryption_configuration": [
              {
                "encryption_type": "AES256",
                "kms_key": ""
              }
            ],
            "force_delete": null,
            "id": "stockwiz-dev/product-service",
            "image_scanning_configuration": [
              {
                "scan_on_push": true
              }
            ],
            "image_tag_mutability": "MUTABLE",
            "image_tag_mutability_exclusion_filter": [],
            "name": "stockwiz-dev/product-service",
            "region": "us-east-1",
            "registry_id": "654654242544",
            "repository_url": "654654242544.dkr.ecr.us-east-1.amazonaws.com/stockwiz-dev/product-service",
            "tags": {
              "Project": "stockwiz-dev",
              "Service": "product-service"
            },
            "tags_all": {
              "Project": "stockwiz-dev",
              "Service": "product-service"
            },
            "timeouts": null
          },
          "sensitive_attributes": [],
          "identity_schema_version": 0,
          "identity": {
            "account_id": "654654242544",
            "name": "stockwiz-dev/product-service",
            "region": "us-east-1"
          },
          "private": "eyJlMmJmYjczMC1lY2FhLTExZTYtOGY4OC0zNDM2M2JjN2M0YzAiOnsiZGVsZXRlIjoxMjAwMDAwMDAwMDAwfX0="
        }
      ]
    }
  ],
  "check_results": null
}
